{
    archiveVersion = 1;
    classes =     {
    };
    objectVersion = 46;
    objects =     {
        D1DE6B8B1A980229002B8885 =         {
            explicitFileType = "wrapper.framework";
            isa = PBXFileReference;
            name = "Cartography.framework";
            path = "/Users/dougbeal/Library/Developer/Xcode/DerivedData/CartCalculator-gaxezchhcrzaodayzqkmdwwgmjir/Build/Products/Debug-iphoneos/Cartography.framework";
            sourceTree = "<absolute>";
        };
        D1DE6B8C1A980229002B8885 =         {
            fileRef = D1DE6B8B1A980229002B8885;
            isa = PBXBuildFile;
        };
        D1DE6B8D1A980229002B8885 =         {
            fileRef = D1DE6B8B1A980229002B8885;
            isa = PBXBuildFile;
            settings =             {
                ATTRIBUTES =                 (
                    CodeSignOnCopy,
                    RemoveHeadersOnCopy
                );
            };
        };
        D1DE6B8E1A980229002B8885 =         {
            buildActionMask = 2147483647;
            dstPath = "";
            dstSubfolderSpec = 10;
            files =             (
                D1DE6B8D1A980229002B8885
            );
            isa = PBXCopyFilesBuildPhase;
            name = "Embed Frameworks";
            runOnlyForDeploymentPostprocessing = 0;
        };
        D1E84B3F1A9566E90040E36F =         {
            children =             (
                D1DE6B8B1A980229002B8885,
                D1E84B4A1A9566E90040E36F,
                D1E84B601A9566E90040E36F,
                D1E84B491A9566E90040E36F
            );
            isa = PBXGroup;
            sourceTree = "<group>";
        };
        D1E84B401A9566E90040E36F =         {
            attributes =             {
                LastUpgradeCheck = 0610;
                ORGANIZATIONNAME = "Murder Of Crows Software";
                TargetAttributes =                 {
                    D1E84B471A9566E90040E36F =                     {
                        CreatedOnToolsVersion = "6.1.1";
                    };
                    D1E84B5C1A9566E90040E36F =                     {
                        CreatedOnToolsVersion = "6.1.1";
                        TestTargetID = D1E84B471A9566E90040E36F;
                    };
                };
            };
            buildConfigurationList = D1E84B431A9566E90040E36F;
            compatibilityVersion = "Xcode 3.2";
            developmentRegion = English;
            hasScannedForEncodings = 0;
            isa = PBXProject;
            knownRegions =             (
                en,
                Base
            );
            mainGroup = D1E84B3F1A9566E90040E36F;
            productRefGroup = D1E84B491A9566E90040E36F;
            projectDirPath = "";
            projectRoot = "";
            targets =             (
                D1E84B471A9566E90040E36F,
                D1E84B5C1A9566E90040E36F
            );
        };
        D1E84B431A9566E90040E36F =         {
            buildConfigurations =             (
                D1E84B651A9566E90040E36F,
                D1E84B661A9566E90040E36F
            );
            defaultConfigurationIsVisible = 0;
            defaultConfigurationName = Release;
            isa = XCConfigurationList;
        };
        D1E84B441A9566E90040E36F =         {
            buildActionMask = 2147483647;
            files =             (
                D1E84B501A9566E90040E36F,
                D1E84B4E1A9566E90040E36F
            );
            isa = PBXSourcesBuildPhase;
            runOnlyForDeploymentPostprocessing = 0;
        };
        D1E84B451A9566E90040E36F =         {
            buildActionMask = 2147483647;
            files =             (
                D1DE6B8C1A980229002B8885
            );
            isa = PBXFrameworksBuildPhase;
            runOnlyForDeploymentPostprocessing = 0;
        };
        D1E84B461A9566E90040E36F =         {
            buildActionMask = 2147483647;
            files =             (
                D1E84B581A9566E90040E36F,
                D1E84B551A9566E90040E36F
            );
            isa = PBXResourcesBuildPhase;
            runOnlyForDeploymentPostprocessing = 0;
        };
        D1E84B471A9566E90040E36F =         {
            buildConfigurationList = D1E84B671A9566E90040E36F;
            buildPhases =             (
                D1E84B441A9566E90040E36F,
                D1E84B451A9566E90040E36F,
                D1E84B461A9566E90040E36F,
                D1DE6B8E1A980229002B8885
            );
            buildRules =             (
            );
            dependencies =             (
            );
            isa = PBXNativeTarget;
            name = CartCalculator;
            productName = CartCalculator;
            productReference = D1E84B481A9566E90040E36F;
            productType = "com.apple.product-type.application";
        };
        D1E84B481A9566E90040E36F =         {
            explicitFileType = "wrapper.application";
            includeInIndex = 0;
            isa = PBXFileReference;
            path = "CartCalculator.app";
            sourceTree = "BUILT_PRODUCTS_DIR";
        };
        D1E84B491A9566E90040E36F =         {
            children =             (
                D1E84B481A9566E90040E36F,
                D1E84B5D1A9566E90040E36F
            );
            isa = PBXGroup;
            name = Products;
            sourceTree = "<group>";
        };
        D1E84B4A1A9566E90040E36F =         {
            children =             (
                D1E84B6D1A9570DD0040E36F,
                D1E84B4D1A9566E90040E36F,
                D1E84B4F1A9566E90040E36F,
                D1E84B541A9566E90040E36F,
                D1E84B561A9566E90040E36F,
                D1E84B4B1A9566E90040E36F
            );
            isa = PBXGroup;
            path = CartCalculator;
            sourceTree = "<group>";
        };
        D1E84B4B1A9566E90040E36F =         {
            children =             (
                D1E84B4C1A9566E90040E36F
            );
            isa = PBXGroup;
            name = "Supporting Files";
            sourceTree = "<group>";
        };
        D1E84B4C1A9566E90040E36F =         {
            isa = PBXFileReference;
            lastKnownFileType = "text.plist.xml";
            path = "Info.plist";
            sourceTree = "<group>";
        };
        D1E84B4D1A9566E90040E36F =         {
            isa = PBXFileReference;
            lastKnownFileType = "sourcecode.swift";
            path = "AppDelegate.swift";
            sourceTree = "<group>";
        };
        D1E84B4E1A9566E90040E36F =         {
            fileRef = D1E84B4D1A9566E90040E36F;
            isa = PBXBuildFile;
        };
        D1E84B4F1A9566E90040E36F =         {
            isa = PBXFileReference;
            lastKnownFileType = "sourcecode.swift";
            path = "ViewController.swift";
            sourceTree = "<group>";
        };
        D1E84B501A9566E90040E36F =         {
            fileRef = D1E84B4F1A9566E90040E36F;
            isa = PBXBuildFile;
        };
        D1E84B541A9566E90040E36F =         {
            isa = PBXFileReference;
            lastKnownFileType = "folder.assetcatalog";
            path = "Images.xcassets";
            sourceTree = "<group>";
        };
        D1E84B551A9566E90040E36F =         {
            fileRef = D1E84B541A9566E90040E36F;
            isa = PBXBuildFile;
        };
        D1E84B561A9566E90040E36F =         {
            children =             (
                D1E84B571A9566E90040E36F
            );
            isa = PBXVariantGroup;
            name = "LaunchScreen.xib";
            sourceTree = "<group>";
        };
        D1E84B571A9566E90040E36F =         {
            isa = PBXFileReference;
            lastKnownFileType = "file.xib";
            name = Base;
            path = "Base.lproj/LaunchScreen.xib";
            sourceTree = "<group>";
        };
        D1E84B581A9566E90040E36F =         {
            fileRef = D1E84B561A9566E90040E36F;
            isa = PBXBuildFile;
        };
        D1E84B591A9566E90040E36F =         {
            buildActionMask = 2147483647;
            files =             (
                D1E84B641A9566E90040E36F
            );
            isa = PBXSourcesBuildPhase;
            runOnlyForDeploymentPostprocessing = 0;
        };
        D1E84B5A1A9566E90040E36F =         {
            buildActionMask = 2147483647;
            files =             (
                D1E84B701A9570F50040E36F
            );
            isa = PBXFrameworksBuildPhase;
            runOnlyForDeploymentPostprocessing = 0;
        };
        D1E84B5B1A9566E90040E36F =         {
            buildActionMask = 2147483647;
            files =             (
            );
            isa = PBXResourcesBuildPhase;
            runOnlyForDeploymentPostprocessing = 0;
        };
        D1E84B5C1A9566E90040E36F =         {
            buildConfigurationList = D1E84B6A1A9566E90040E36F;
            buildPhases =             (
                D1E84B591A9566E90040E36F,
                D1E84B5A1A9566E90040E36F,
                D1E84B5B1A9566E90040E36F
            );
            buildRules =             (
            );
            dependencies =             (
                D1E84B5F1A9566E90040E36F
            );
            isa = PBXNativeTarget;
            name = CartCalculatorTests;
            productName = CartCalculatorTests;
            productReference = D1E84B5D1A9566E90040E36F;
            productType = "com.apple.product-type.bundle.unit-test";
        };
        D1E84B5D1A9566E90040E36F =         {
            explicitFileType = "wrapper.cfbundle";
            includeInIndex = 0;
            isa = PBXFileReference;
            path = "CartCalculatorTests.xctest";
            sourceTree = "BUILT_PRODUCTS_DIR";
        };
        D1E84B5E1A9566E90040E36F =         {
            containerPortal = D1E84B401A9566E90040E36F;
            isa = PBXContainerItemProxy;
            proxyType = 1;
            remoteGlobalIDString = D1E84B471A9566E90040E36F;
            remoteInfo = CartCalculator;
        };
        D1E84B5F1A9566E90040E36F =         {
            isa = PBXTargetDependency;
            target = D1E84B471A9566E90040E36F;
            targetProxy = D1E84B5E1A9566E90040E36F;
        };
        D1E84B601A9566E90040E36F =         {
            children =             (
                D1E84B631A9566E90040E36F,
                D1E84B611A9566E90040E36F
            );
            isa = PBXGroup;
            path = CartCalculatorTests;
            sourceTree = "<group>";
        };
        D1E84B611A9566E90040E36F =         {
            children =             (
                D1E84B621A9566E90040E36F
            );
            isa = PBXGroup;
            name = "Supporting Files";
            sourceTree = "<group>";
        };
        D1E84B621A9566E90040E36F =         {
            isa = PBXFileReference;
            lastKnownFileType = "text.plist.xml";
            path = "Info.plist";
            sourceTree = "<group>";
        };
        D1E84B631A9566E90040E36F =         {
            isa = PBXFileReference;
            lastKnownFileType = "sourcecode.swift";
            path = "CartCalculatorTests.swift";
            sourceTree = "<group>";
        };
        D1E84B641A9566E90040E36F =         {
            fileRef = D1E84B631A9566E90040E36F;
            isa = PBXBuildFile;
        };
        D1E84B651A9566E90040E36F =         {
            buildSettings =             {
                "ALWAYS_SEARCH_USER_PATHS" = NO;
                "CLANG_CXX_LANGUAGE_STANDARD" = "gnu++0x";
                "CLANG_CXX_LIBRARY" = "libc++";
                "CLANG_ENABLE_MODULES" = YES;
                "CLANG_ENABLE_OBJC_ARC" = YES;
                "CLANG_WARN_BOOL_CONVERSION" = YES;
                "CLANG_WARN_CONSTANT_CONVERSION" = YES;
                "CLANG_WARN_DIRECT_OBJC_ISA_USAGE" = "YES_ERROR";
                "CLANG_WARN_EMPTY_BODY" = YES;
                "CLANG_WARN_ENUM_CONVERSION" = YES;
                "CLANG_WARN_INT_CONVERSION" = YES;
                "CLANG_WARN_OBJC_ROOT_CLASS" = "YES_ERROR";
                "CLANG_WARN_UNREACHABLE_CODE" = YES;
                "CLANG_WARN__DUPLICATE_METHOD_MATCH" = YES;
                "CODE_SIGN_IDENTITY[sdk=iphoneos*]" = "iPhone Developer";
                "COPY_PHASE_STRIP" = NO;
                "ENABLE_STRICT_OBJC_MSGSEND" = YES;
                "GCC_C_LANGUAGE_STANDARD" = gnu99;
                "GCC_DYNAMIC_NO_PIC" = NO;
                "GCC_OPTIMIZATION_LEVEL" = 0;
                "GCC_PREPROCESSOR_DEFINITIONS" =                 (
                    "DEBUG=1",
                    "$(inherited)"
                );
                "GCC_SYMBOLS_PRIVATE_EXTERN" = NO;
                "GCC_WARN_64_TO_32_BIT_CONVERSION" = YES;
                "GCC_WARN_ABOUT_RETURN_TYPE" = "YES_ERROR";
                "GCC_WARN_UNDECLARED_SELECTOR" = YES;
                "GCC_WARN_UNINITIALIZED_AUTOS" = "YES_AGGRESSIVE";
                "GCC_WARN_UNUSED_FUNCTION" = YES;
                "GCC_WARN_UNUSED_VARIABLE" = YES;
                "IPHONEOS_DEPLOYMENT_TARGET" = "8.1";
                "MTL_ENABLE_DEBUG_INFO" = YES;
                "ONLY_ACTIVE_ARCH" = YES;
                SDKROOT = iphoneos;
                "SWIFT_OPTIMIZATION_LEVEL" = "-Onone";
                "TARGETED_DEVICE_FAMILY" = "1,2";
            };
            isa = XCBuildConfiguration;
            name = Debug;
        };
        D1E84B661A9566E90040E36F =         {
            buildSettings =             {
                "ALWAYS_SEARCH_USER_PATHS" = NO;
                "CLANG_CXX_LANGUAGE_STANDARD" = "gnu++0x";
                "CLANG_CXX_LIBRARY" = "libc++";
                "CLANG_ENABLE_MODULES" = YES;
                "CLANG_ENABLE_OBJC_ARC" = YES;
                "CLANG_WARN_BOOL_CONVERSION" = YES;
                "CLANG_WARN_CONSTANT_CONVERSION" = YES;
                "CLANG_WARN_DIRECT_OBJC_ISA_USAGE" = "YES_ERROR";
                "CLANG_WARN_EMPTY_BODY" = YES;
                "CLANG_WARN_ENUM_CONVERSION" = YES;
                "CLANG_WARN_INT_CONVERSION" = YES;
                "CLANG_WARN_OBJC_ROOT_CLASS" = "YES_ERROR";
                "CLANG_WARN_UNREACHABLE_CODE" = YES;
                "CLANG_WARN__DUPLICATE_METHOD_MATCH" = YES;
                "CODE_SIGN_IDENTITY[sdk=iphoneos*]" = "iPhone Developer";
                "COPY_PHASE_STRIP" = YES;
                "ENABLE_NS_ASSERTIONS" = NO;
                "ENABLE_STRICT_OBJC_MSGSEND" = YES;
                "GCC_C_LANGUAGE_STANDARD" = gnu99;
                "GCC_WARN_64_TO_32_BIT_CONVERSION" = YES;
                "GCC_WARN_ABOUT_RETURN_TYPE" = "YES_ERROR";
                "GCC_WARN_UNDECLARED_SELECTOR" = YES;
                "GCC_WARN_UNINITIALIZED_AUTOS" = "YES_AGGRESSIVE";
                "GCC_WARN_UNUSED_FUNCTION" = YES;
                "GCC_WARN_UNUSED_VARIABLE" = YES;
                "IPHONEOS_DEPLOYMENT_TARGET" = "8.1";
                "MTL_ENABLE_DEBUG_INFO" = NO;
                SDKROOT = iphoneos;
                "TARGETED_DEVICE_FAMILY" = "1,2";
                "VALIDATE_PRODUCT" = YES;
            };
            isa = XCBuildConfiguration;
            name = Release;
        };
        D1E84B671A9566E90040E36F =         {
            buildConfigurations =             (
                D1E84B681A9566E90040E36F,
                D1E84B691A9566E90040E36F
            );
            defaultConfigurationIsVisible = 0;
            defaultConfigurationName = Release;
            isa = XCConfigurationList;
        };
        D1E84B681A9566E90040E36F =         {
            buildSettings =             {
                "ASSETCATALOG_COMPILER_APPICON_NAME" = AppIcon;
                "FRAMEWORK_SEARCH_PATHS" =                 (
                    "$(inherited)",
                    "$(PROJECT_DIR)/**",
                    "$(USER_LIBRARY_DIR)/Developer/Xcode/DerivedData/CartCalculator-gaxezchhcrzaodayzqkmdwwgmjir/Build/Products/Debug-iphoneos"
                );
                "HEADER_SEARCH_PATHS" =                 (
                    "$(inherited)",
                    "/Applications/Xcode.app/Contents/Developer/Toolchains/XcodeDefault.xctoolchain/usr/include",
                    "$(PROJECT_DIR)/Dependencies/**"
                );
                "INFOPLIST_FILE" = "CartCalculator/Info.plist";
                "LD_RUNPATH_SEARCH_PATHS" = "$(inherited) @executable_path/Frameworks";
                "LIBRARY_SEARCH_PATHS" = "$(PROJECT_DIR)/Dependencies/**";
                "PRODUCT_NAME" = "$(TARGET_NAME)";
            };
            isa = XCBuildConfiguration;
            name = Debug;
        };
        D1E84B691A9566E90040E36F =         {
            buildSettings =             {
                "ASSETCATALOG_COMPILER_APPICON_NAME" = AppIcon;
                "FRAMEWORK_SEARCH_PATHS" =                 (
                    "$(inherited)",
                    "$(PROJECT_DIR)/**",
                    "$(USER_LIBRARY_DIR)/Developer/Xcode/DerivedData/CartCalculator-gaxezchhcrzaodayzqkmdwwgmjir/Build/Products/Debug-iphoneos"
                );
                "HEADER_SEARCH_PATHS" =                 (
                    "$(inherited)",
                    "/Applications/Xcode.app/Contents/Developer/Toolchains/XcodeDefault.xctoolchain/usr/include",
                    "$(PROJECT_DIR)/Dependencies/**"
                );
                "INFOPLIST_FILE" = "CartCalculator/Info.plist";
                "LD_RUNPATH_SEARCH_PATHS" = "$(inherited) @executable_path/Frameworks";
                "LIBRARY_SEARCH_PATHS" = "$(PROJECT_DIR)/Dependencies/**";
                "PRODUCT_NAME" = "$(TARGET_NAME)";
            };
            isa = XCBuildConfiguration;
            name = Release;
        };
        D1E84B6A1A9566E90040E36F =         {
            buildConfigurations =             (
                D1E84B6B1A9566E90040E36F,
                D1E84B6C1A9566E90040E36F
            );
            defaultConfigurationIsVisible = 0;
            defaultConfigurationName = Release;
            isa = XCConfigurationList;
        };
        D1E84B6B1A9566E90040E36F =         {
            buildSettings =             {
                "BUNDLE_LOADER" = "$(TEST_HOST)";
                "FRAMEWORK_SEARCH_PATHS" =                 (
                    "$(SDKROOT)/Developer/Library/Frameworks",
                    "$(inherited)",
                    "$(PROJECT_DIR)/CartCalculator"
                );
                "GCC_PREPROCESSOR_DEFINITIONS" =                 (
                    "DEBUG=1",
                    "$(inherited)"
                );
                "INFOPLIST_FILE" = "CartCalculatorTests/Info.plist";
                "LD_RUNPATH_SEARCH_PATHS" = "$(inherited) @executable_path/Frameworks @loader_path/Frameworks";
                "PRODUCT_NAME" = "$(TARGET_NAME)";
                "TEST_HOST" = "$(BUILT_PRODUCTS_DIR)/CartCalculator.app/CartCalculator";
            };
            isa = XCBuildConfiguration;
            name = Debug;
        };
        D1E84B6C1A9566E90040E36F =         {
            buildSettings =             {
                "BUNDLE_LOADER" = "$(TEST_HOST)";
                "FRAMEWORK_SEARCH_PATHS" =                 (
                    "$(SDKROOT)/Developer/Library/Frameworks",
                    "$(inherited)",
                    "$(PROJECT_DIR)/CartCalculator"
                );
                "INFOPLIST_FILE" = "CartCalculatorTests/Info.plist";
                "LD_RUNPATH_SEARCH_PATHS" = "$(inherited) @executable_path/Frameworks @loader_path/Frameworks";
                "PRODUCT_NAME" = "$(TARGET_NAME)";
                "TEST_HOST" = "$(BUILT_PRODUCTS_DIR)/CartCalculator.app/CartCalculator";
            };
            isa = XCBuildConfiguration;
            name = Release;
        };
        D1E84B6D1A9570DD0040E36F =         {
            children =             (
                D1E84B6E1A9570F50040E36F
            );
            isa = PBXGroup;
            name = Framework;
            sourceTree = "<group>";
        };
        D1E84B6E1A9570F50040E36F =         {
            isa = PBXFileReference;
            lastKnownFileType = "wrapper.framework";
            path = "Cartography.framework";
            sourceTree = "<group>";
        };
        D1E84B701A9570F50040E36F =         {
            fileRef = D1E84B6E1A9570F50040E36F;
            isa = PBXBuildFile;
        };
    };
    rootObject = D1E84B401A9566E90040E36F;
}